{
  "object": {
    "pins": [
      {
        "package": "Franz",
        "repositoryURL": "/Users/luke/Repos/franz",
        "state": {
          "branch": null,
          "revision": "ecfecf72539cb172c115d41f05ea9eab8d1a6e40",
          "version": "0.2.0"
        }
      }
    ]
  },
  "version": 1
}
